
Microsoft Visual Studio Solution File, Format Version 12.00
# Visual Studio Version 16
VisualStudioVersion = 16.0.33214.272
MinimumVisualStudioVersion = 10.0.40219.1
Project("{FAE04EC0-301F-11D3-BF4B-00C04F79EFBC}") = "ProcessID", "ProcessID.csproj", "{DA0C8F3B-9031-45F2-9B65-D941E71460FF}"
EndProject
Global
	GlobalSection(SolutionConfigurationPlatforms) = preSolution
		Debug|Any CPU = Debug|Any CPU
		Release|Any CPU = Release|Any CPU
	EndGlobalSection
	GlobalSection(ProjectConfigurationPlatforms) = postSolution
		{DA0C8F3B-9031-45F2-9B65-D941E71460FF}.Debug|Any CPU.ActiveCfg = Debug|Any CPU
		{DA0C8F3B-9031-45F2-9B65-D941E71460FF}.Debug|Any CPU.Build.0 = Debug|Any CPU
		{DA0C8F3B-9031-45F2-9B65-D941E71460FF}.Release|Any CPU.ActiveCfg = Release|Any CPU
		{DA0C8F3B-9031-45F2-9B65-D941E71460FF}.Release|Any CPU.Build.0 = Release|Any CPU
	EndGlobalSection
	GlobalSection(SolutionProperties) = preSolution
		HideSolutionNode = FALSE
	EndGlobalSection
	GlobalSection(ExtensibilityGlobals) = postSolution
		SolutionGuid = {441E8A23-E30A-4EA9-A873-74CC3D32DF52}
	EndGlobalSection
EndGlobal
